Microsoft Visual Studio Solution File, Format Version 12.00
# Visual Studio Version 17
VisualStudioVersion = 17.0.31903.59
MinimumVisualStudioVersion = 10.0.40219.1
Project("{FAE04EC0-301F-11D3-BF4B-00C04F79EFBC}") = "BusUH.Server", "BusUH.Server\BusUH.Server.csproj", "{DC143F4B-1657-431F-AA2A-84C2039C7D54}"
EndProject
Project("{FAE04EC0-301F-11D3-BF4B-00C04F79EFBC}") = "BusUH.Client", "BusUH.Client\BusUH.Client.csproj", "{2CE96F4E-ADF4-4273-9A6D-A2F4C2DB0FA1}"
EndProject
Project("{FAE04EC0-301F-11D3-BF4B-00C04F79EFBC}") = "BusUH.Core", "BusUH.Core\BusUH.Core.csproj", "{92A3318B-9FBE-496C-8C0F-7C5FB3BDDD05}"
EndProject
Global
	GlobalSection(SolutionConfigurationPlatforms) = preSolution
		Debug|Any CPU = Debug|Any CPU
		Release|Any CPU = Release|Any CPU
	EndGlobalSection
	GlobalSection(SolutionProperties) = preSolution
		HideSolutionNode = FALSE
	EndGlobalSection
	GlobalSection(ProjectConfigurationPlatforms) = postSolution
		{DC143F4B-1657-431F-AA2A-84C2039C7D54}.Debug|Any CPU.ActiveCfg = Debug|Any CPU
		{DC143F4B-1657-431F-AA2A-84C2039C7D54}.Debug|Any CPU.Build.0 = Debug|Any CPU
		{DC143F4B-1657-431F-AA2A-84C2039C7D54}.Release|Any CPU.ActiveCfg = Release|Any CPU
		{DC143F4B-1657-431F-AA2A-84C2039C7D54}.Release|Any CPU.Build.0 = Release|Any CPU
		{2CE96F4E-ADF4-4273-9A6D-A2F4C2DB0FA1}.Debug|Any CPU.ActiveCfg = Debug|Any CPU
		{2CE96F4E-ADF4-4273-9A6D-A2F4C2DB0FA1}.Debug|Any CPU.Build.0 = Debug|Any CPU
		{2CE96F4E-ADF4-4273-9A6D-A2F4C2DB0FA1}.Release|Any CPU.ActiveCfg = Release|Any CPU
		{2CE96F4E-ADF4-4273-9A6D-A2F4C2DB0FA1}.Release|Any CPU.Build.0 = Release|Any CPU
		{92A3318B-9FBE-496C-8C0F-7C5FB3BDDD05}.Debug|Any CPU.ActiveCfg = Debug|Any CPU
		{92A3318B-9FBE-496C-8C0F-7C5FB3BDDD05}.Debug|Any CPU.Build.0 = Debug|Any CPU
		{92A3318B-9FBE-496C-8C0F-7C5FB3BDDD05}.Release|Any CPU.ActiveCfg = Release|Any CPU
		{92A3318B-9FBE-496C-8C0F-7C5FB3BDDD05}.Release|Any CPU.Build.0 = Release|Any CPU
	EndGlobalSection
EndGlobal
